
Microsoft Visual Studio Solution File, Format Version 12.00
<<<<<<< HEAD
# Visual Studio 15
Project("{FAE04EC0-301F-11D3-BF4B-00C04F79EFBC}") = "Assembly-CSharp", "Assembly-CSharp.csproj", "{AEF69682-361D-2BAE-6BBD-AF61A56A0E62}"
=======
# Visual Studio 2017
Project("{FAE04EC0-301F-11D3-BF4B-00C04F79EFBC}") = "TowerDiffence", "TowerDiffence.csproj", "{04B40FB5-FE8A-61B6-50EF-E4C7E98EFA51}"
EndProject
Project("{FAE04EC0-301F-11D3-BF4B-00C04F79EFBC}") = "TowerDiffence", "TowerDiffence.csproj", "{04B40FB5-FE8A-61B6-50EF-E4C7E98EFA51}"
EndProject
Project("{FAE04EC0-301F-11D3-BF4B-00C04F79EFBC}") = "TowerDiffence", "TowerDiffence.csproj", "{04B40FB5-FE8A-61B6-50EF-E4C7E98EFA51}"
EndProject
Project("{FAE04EC0-301F-11D3-BF4B-00C04F79EFBC}") = "TowerDiffence", "TowerDiffence.csproj", "{04B40FB5-FE8A-61B6-50EF-E4C7E98EFA51}"
EndProject
Project("{FAE04EC0-301F-11D3-BF4B-00C04F79EFBC}") = "TowerDiffence", "TowerDiffence.csproj", "{04B40FB5-FE8A-61B6-50EF-E4C7E98EFA51}"
EndProject
Project("{FAE04EC0-301F-11D3-BF4B-00C04F79EFBC}") = "TowerDiffence", "TowerDiffence.csproj", "{04B40FB5-FE8A-61B6-50EF-E4C7E98EFA51}"
EndProject
Project("{FAE04EC0-301F-11D3-BF4B-00C04F79EFBC}") = "TowerDiffence", "TowerDiffence.csproj", "{04B40FB5-FE8A-61B6-50EF-E4C7E98EFA51}"
EndProject
Project("{FAE04EC0-301F-11D3-BF4B-00C04F79EFBC}") = "TowerDiffence", "TowerDiffence.csproj", "{04B40FB5-FE8A-61B6-50EF-E4C7E98EFA51}"
EndProject
Project("{FAE04EC0-301F-11D3-BF4B-00C04F79EFBC}") = "TowerDiffence", "TowerDiffence.csproj", "{04B40FB5-FE8A-61B6-50EF-E4C7E98EFA51}"
EndProject
Project("{FAE04EC0-301F-11D3-BF4B-00C04F79EFBC}") = "TowerDiffence", "TowerDiffence.csproj", "{04B40FB5-FE8A-61B6-50EF-E4C7E98EFA51}"
EndProject
Project("{FAE04EC0-301F-11D3-BF4B-00C04F79EFBC}") = "TowerDiffence", "TowerDiffence.csproj", "{04B40FB5-FE8A-61B6-50EF-E4C7E98EFA51}"
EndProject
Project("{FAE04EC0-301F-11D3-BF4B-00C04F79EFBC}") = "TowerDiffence", "TowerDiffence.csproj", "{04B40FB5-FE8A-61B6-50EF-E4C7E98EFA51}"
EndProject
Project("{FAE04EC0-301F-11D3-BF4B-00C04F79EFBC}") = "TowerDiffence", "TowerDiffence.csproj", "{04B40FB5-FE8A-61B6-50EF-E4C7E98EFA51}"
EndProject
Project("{FAE04EC0-301F-11D3-BF4B-00C04F79EFBC}") = "TowerDiffence", "TowerDiffence.csproj", "{04B40FB5-FE8A-61B6-50EF-E4C7E98EFA51}"
EndProject
Project("{FAE04EC0-301F-11D3-BF4B-00C04F79EFBC}") = "TowerDiffence", "TowerDiffence.csproj", "{04B40FB5-FE8A-61B6-50EF-E4C7E98EFA51}"
EndProject
Project("{FAE04EC0-301F-11D3-BF4B-00C04F79EFBC}") = "TowerDiffence", "TowerDiffence.csproj", "{04B40FB5-FE8A-61B6-50EF-E4C7E98EFA51}"
EndProject
Project("{FAE04EC0-301F-11D3-BF4B-00C04F79EFBC}") = "TowerDiffence.Editor", "TowerDiffence.Editor.csproj", "{86661595-153F-BAFE-1BF0-57B054668F6B}"
EndProject
Project("{FAE04EC0-301F-11D3-BF4B-00C04F79EFBC}") = "TowerDiffence.Editor", "TowerDiffence.Editor.csproj", "{86661595-153F-BAFE-1BF0-57B054668F6B}"
EndProject
Project("{FAE04EC0-301F-11D3-BF4B-00C04F79EFBC}") = "TowerDiffence.Editor", "TowerDiffence.Editor.csproj", "{86661595-153F-BAFE-1BF0-57B054668F6B}"
EndProject
Project("{FAE04EC0-301F-11D3-BF4B-00C04F79EFBC}") = "TowerDiffence.Editor", "TowerDiffence.Editor.csproj", "{86661595-153F-BAFE-1BF0-57B054668F6B}"
EndProject
Project("{FAE04EC0-301F-11D3-BF4B-00C04F79EFBC}") = "TowerDiffence.Editor", "TowerDiffence.Editor.csproj", "{86661595-153F-BAFE-1BF0-57B054668F6B}"
EndProject
Project("{FAE04EC0-301F-11D3-BF4B-00C04F79EFBC}") = "TowerDiffence.Editor", "TowerDiffence.Editor.csproj", "{86661595-153F-BAFE-1BF0-57B054668F6B}"
EndProject
Project("{FAE04EC0-301F-11D3-BF4B-00C04F79EFBC}") = "TowerDiffence.Editor", "TowerDiffence.Editor.csproj", "{86661595-153F-BAFE-1BF0-57B054668F6B}"
EndProject
Project("{FAE04EC0-301F-11D3-BF4B-00C04F79EFBC}") = "TowerDiffence.Editor", "TowerDiffence.Editor.csproj", "{86661595-153F-BAFE-1BF0-57B054668F6B}"
EndProject
Project("{FAE04EC0-301F-11D3-BF4B-00C04F79EFBC}") = "TowerDiffence.Editor", "TowerDiffence.Editor.csproj", "{86661595-153F-BAFE-1BF0-57B054668F6B}"
EndProject
Project("{FAE04EC0-301F-11D3-BF4B-00C04F79EFBC}") = "TowerDiffence.Editor", "TowerDiffence.Editor.csproj", "{86661595-153F-BAFE-1BF0-57B054668F6B}"
EndProject
Project("{FAE04EC0-301F-11D3-BF4B-00C04F79EFBC}") = "TowerDiffence.Editor", "TowerDiffence.Editor.csproj", "{86661595-153F-BAFE-1BF0-57B054668F6B}"
EndProject
Project("{FAE04EC0-301F-11D3-BF4B-00C04F79EFBC}") = "TowerDiffence.Editor", "TowerDiffence.Editor.csproj", "{86661595-153F-BAFE-1BF0-57B054668F6B}"
EndProject
Project("{FAE04EC0-301F-11D3-BF4B-00C04F79EFBC}") = "TowerDiffence.Editor", "TowerDiffence.Editor.csproj", "{86661595-153F-BAFE-1BF0-57B054668F6B}"
EndProject
Project("{FAE04EC0-301F-11D3-BF4B-00C04F79EFBC}") = "TowerDiffence.Editor", "TowerDiffence.Editor.csproj", "{86661595-153F-BAFE-1BF0-57B054668F6B}"
EndProject
Project("{FAE04EC0-301F-11D3-BF4B-00C04F79EFBC}") = "TowerDiffence.Editor", "TowerDiffence.Editor.csproj", "{86661595-153F-BAFE-1BF0-57B054668F6B}"
EndProject
Project("{FAE04EC0-301F-11D3-BF4B-00C04F79EFBC}") = "TowerDiffence.Editor", "TowerDiffence.Editor.csproj", "{86661595-153F-BAFE-1BF0-57B054668F6B}"
EndProject
Project("{FAE04EC0-301F-11D3-BF4B-00C04F79EFBC}") = "TowerDiffence", "TowerDiffence.csproj", "{04B40FB5-FE8A-61B6-50EF-E4C7E98EFA51}"
EndProject
Project("{FAE04EC0-301F-11D3-BF4B-00C04F79EFBC}") = "TowerDiffence.Editor", "TowerDiffence.Editor.csproj", "{86661595-153F-BAFE-1BF0-57B054668F6B}"
>>>>>>> origin/master
EndProject
Global
	GlobalSection(SolutionConfigurationPlatforms) = preSolution
		Debug|Any CPU = Debug|Any CPU
		Release|Any CPU = Release|Any CPU
	EndGlobalSection
	GlobalSection(ProjectConfigurationPlatforms) = postSolution
<<<<<<< HEAD
		{AEF69682-361D-2BAE-6BBD-AF61A56A0E62}.Debug|Any CPU.ActiveCfg = Debug|Any CPU
		{AEF69682-361D-2BAE-6BBD-AF61A56A0E62}.Debug|Any CPU.Build.0 = Debug|Any CPU
		{AEF69682-361D-2BAE-6BBD-AF61A56A0E62}.Release|Any CPU.ActiveCfg = Release|Any CPU
		{AEF69682-361D-2BAE-6BBD-AF61A56A0E62}.Release|Any CPU.Build.0 = Release|Any CPU
=======
		{04B40FB5-FE8A-61B6-50EF-E4C7E98EFA51}.Debug|Any CPU.ActiveCfg = Debug|Any CPU
		{04B40FB5-FE8A-61B6-50EF-E4C7E98EFA51}.Debug|Any CPU.Build.0 = Debug|Any CPU
		{04B40FB5-FE8A-61B6-50EF-E4C7E98EFA51}.Release|Any CPU.ActiveCfg = Release|Any CPU
		{04B40FB5-FE8A-61B6-50EF-E4C7E98EFA51}.Release|Any CPU.Build.0 = Release|Any CPU
		{04B40FB5-FE8A-61B6-50EF-E4C7E98EFA51}.Debug|Any CPU.ActiveCfg = Debug|Any CPU
		{04B40FB5-FE8A-61B6-50EF-E4C7E98EFA51}.Debug|Any CPU.Build.0 = Debug|Any CPU
		{04B40FB5-FE8A-61B6-50EF-E4C7E98EFA51}.Release|Any CPU.ActiveCfg = Release|Any CPU
		{04B40FB5-FE8A-61B6-50EF-E4C7E98EFA51}.Release|Any CPU.Build.0 = Release|Any CPU
		{04B40FB5-FE8A-61B6-50EF-E4C7E98EFA51}.Debug|Any CPU.ActiveCfg = Debug|Any CPU
		{04B40FB5-FE8A-61B6-50EF-E4C7E98EFA51}.Debug|Any CPU.Build.0 = Debug|Any CPU
		{04B40FB5-FE8A-61B6-50EF-E4C7E98EFA51}.Release|Any CPU.ActiveCfg = Release|Any CPU
		{04B40FB5-FE8A-61B6-50EF-E4C7E98EFA51}.Release|Any CPU.Build.0 = Release|Any CPU
		{04B40FB5-FE8A-61B6-50EF-E4C7E98EFA51}.Debug|Any CPU.ActiveCfg = Debug|Any CPU
		{04B40FB5-FE8A-61B6-50EF-E4C7E98EFA51}.Debug|Any CPU.Build.0 = Debug|Any CPU
		{04B40FB5-FE8A-61B6-50EF-E4C7E98EFA51}.Release|Any CPU.ActiveCfg = Release|Any CPU
		{04B40FB5-FE8A-61B6-50EF-E4C7E98EFA51}.Release|Any CPU.Build.0 = Release|Any CPU
		{04B40FB5-FE8A-61B6-50EF-E4C7E98EFA51}.Debug|Any CPU.ActiveCfg = Debug|Any CPU
		{04B40FB5-FE8A-61B6-50EF-E4C7E98EFA51}.Debug|Any CPU.Build.0 = Debug|Any CPU
		{04B40FB5-FE8A-61B6-50EF-E4C7E98EFA51}.Release|Any CPU.ActiveCfg = Release|Any CPU
		{04B40FB5-FE8A-61B6-50EF-E4C7E98EFA51}.Release|Any CPU.Build.0 = Release|Any CPU
		{04B40FB5-FE8A-61B6-50EF-E4C7E98EFA51}.Debug|Any CPU.ActiveCfg = Debug|Any CPU
		{04B40FB5-FE8A-61B6-50EF-E4C7E98EFA51}.Debug|Any CPU.Build.0 = Debug|Any CPU
		{04B40FB5-FE8A-61B6-50EF-E4C7E98EFA51}.Release|Any CPU.ActiveCfg = Release|Any CPU
		{04B40FB5-FE8A-61B6-50EF-E4C7E98EFA51}.Release|Any CPU.Build.0 = Release|Any CPU
		{04B40FB5-FE8A-61B6-50EF-E4C7E98EFA51}.Debug|Any CPU.ActiveCfg = Debug|Any CPU
		{04B40FB5-FE8A-61B6-50EF-E4C7E98EFA51}.Debug|Any CPU.Build.0 = Debug|Any CPU
		{04B40FB5-FE8A-61B6-50EF-E4C7E98EFA51}.Release|Any CPU.ActiveCfg = Release|Any CPU
		{04B40FB5-FE8A-61B6-50EF-E4C7E98EFA51}.Release|Any CPU.Build.0 = Release|Any CPU
		{04B40FB5-FE8A-61B6-50EF-E4C7E98EFA51}.Debug|Any CPU.ActiveCfg = Debug|Any CPU
		{04B40FB5-FE8A-61B6-50EF-E4C7E98EFA51}.Debug|Any CPU.Build.0 = Debug|Any CPU
		{04B40FB5-FE8A-61B6-50EF-E4C7E98EFA51}.Release|Any CPU.ActiveCfg = Release|Any CPU
		{04B40FB5-FE8A-61B6-50EF-E4C7E98EFA51}.Release|Any CPU.Build.0 = Release|Any CPU
		{04B40FB5-FE8A-61B6-50EF-E4C7E98EFA51}.Debug|Any CPU.ActiveCfg = Debug|Any CPU
		{04B40FB5-FE8A-61B6-50EF-E4C7E98EFA51}.Debug|Any CPU.Build.0 = Debug|Any CPU
		{04B40FB5-FE8A-61B6-50EF-E4C7E98EFA51}.Release|Any CPU.ActiveCfg = Release|Any CPU
		{04B40FB5-FE8A-61B6-50EF-E4C7E98EFA51}.Release|Any CPU.Build.0 = Release|Any CPU
		{04B40FB5-FE8A-61B6-50EF-E4C7E98EFA51}.Debug|Any CPU.ActiveCfg = Debug|Any CPU
		{04B40FB5-FE8A-61B6-50EF-E4C7E98EFA51}.Debug|Any CPU.Build.0 = Debug|Any CPU
		{04B40FB5-FE8A-61B6-50EF-E4C7E98EFA51}.Release|Any CPU.ActiveCfg = Release|Any CPU
		{04B40FB5-FE8A-61B6-50EF-E4C7E98EFA51}.Release|Any CPU.Build.0 = Release|Any CPU
		{04B40FB5-FE8A-61B6-50EF-E4C7E98EFA51}.Debug|Any CPU.ActiveCfg = Debug|Any CPU
		{04B40FB5-FE8A-61B6-50EF-E4C7E98EFA51}.Debug|Any CPU.Build.0 = Debug|Any CPU
		{04B40FB5-FE8A-61B6-50EF-E4C7E98EFA51}.Release|Any CPU.ActiveCfg = Release|Any CPU
		{04B40FB5-FE8A-61B6-50EF-E4C7E98EFA51}.Release|Any CPU.Build.0 = Release|Any CPU
		{04B40FB5-FE8A-61B6-50EF-E4C7E98EFA51}.Debug|Any CPU.ActiveCfg = Debug|Any CPU
		{04B40FB5-FE8A-61B6-50EF-E4C7E98EFA51}.Debug|Any CPU.Build.0 = Debug|Any CPU
		{04B40FB5-FE8A-61B6-50EF-E4C7E98EFA51}.Release|Any CPU.ActiveCfg = Release|Any CPU
		{04B40FB5-FE8A-61B6-50EF-E4C7E98EFA51}.Release|Any CPU.Build.0 = Release|Any CPU
		{04B40FB5-FE8A-61B6-50EF-E4C7E98EFA51}.Debug|Any CPU.ActiveCfg = Debug|Any CPU
		{04B40FB5-FE8A-61B6-50EF-E4C7E98EFA51}.Debug|Any CPU.Build.0 = Debug|Any CPU
		{04B40FB5-FE8A-61B6-50EF-E4C7E98EFA51}.Release|Any CPU.ActiveCfg = Release|Any CPU
		{04B40FB5-FE8A-61B6-50EF-E4C7E98EFA51}.Release|Any CPU.Build.0 = Release|Any CPU
		{04B40FB5-FE8A-61B6-50EF-E4C7E98EFA51}.Debug|Any CPU.ActiveCfg = Debug|Any CPU
		{04B40FB5-FE8A-61B6-50EF-E4C7E98EFA51}.Debug|Any CPU.Build.0 = Debug|Any CPU
		{04B40FB5-FE8A-61B6-50EF-E4C7E98EFA51}.Release|Any CPU.ActiveCfg = Release|Any CPU
		{04B40FB5-FE8A-61B6-50EF-E4C7E98EFA51}.Release|Any CPU.Build.0 = Release|Any CPU
		{04B40FB5-FE8A-61B6-50EF-E4C7E98EFA51}.Debug|Any CPU.ActiveCfg = Debug|Any CPU
		{04B40FB5-FE8A-61B6-50EF-E4C7E98EFA51}.Debug|Any CPU.Build.0 = Debug|Any CPU
		{04B40FB5-FE8A-61B6-50EF-E4C7E98EFA51}.Release|Any CPU.ActiveCfg = Release|Any CPU
		{04B40FB5-FE8A-61B6-50EF-E4C7E98EFA51}.Release|Any CPU.Build.0 = Release|Any CPU
		{04B40FB5-FE8A-61B6-50EF-E4C7E98EFA51}.Debug|Any CPU.ActiveCfg = Debug|Any CPU
		{04B40FB5-FE8A-61B6-50EF-E4C7E98EFA51}.Debug|Any CPU.Build.0 = Debug|Any CPU
		{04B40FB5-FE8A-61B6-50EF-E4C7E98EFA51}.Release|Any CPU.ActiveCfg = Release|Any CPU
		{04B40FB5-FE8A-61B6-50EF-E4C7E98EFA51}.Release|Any CPU.Build.0 = Release|Any CPU
		{86661595-153F-BAFE-1BF0-57B054668F6B}.Debug|Any CPU.ActiveCfg = Debug|Any CPU
		{86661595-153F-BAFE-1BF0-57B054668F6B}.Debug|Any CPU.Build.0 = Debug|Any CPU
		{86661595-153F-BAFE-1BF0-57B054668F6B}.Release|Any CPU.ActiveCfg = Release|Any CPU
		{86661595-153F-BAFE-1BF0-57B054668F6B}.Release|Any CPU.Build.0 = Release|Any CPU
		{86661595-153F-BAFE-1BF0-57B054668F6B}.Debug|Any CPU.ActiveCfg = Debug|Any CPU
		{86661595-153F-BAFE-1BF0-57B054668F6B}.Debug|Any CPU.Build.0 = Debug|Any CPU
		{86661595-153F-BAFE-1BF0-57B054668F6B}.Release|Any CPU.ActiveCfg = Release|Any CPU
		{86661595-153F-BAFE-1BF0-57B054668F6B}.Release|Any CPU.Build.0 = Release|Any CPU
		{86661595-153F-BAFE-1BF0-57B054668F6B}.Debug|Any CPU.ActiveCfg = Debug|Any CPU
		{86661595-153F-BAFE-1BF0-57B054668F6B}.Debug|Any CPU.Build.0 = Debug|Any CPU
		{86661595-153F-BAFE-1BF0-57B054668F6B}.Release|Any CPU.ActiveCfg = Release|Any CPU
		{86661595-153F-BAFE-1BF0-57B054668F6B}.Release|Any CPU.Build.0 = Release|Any CPU
		{86661595-153F-BAFE-1BF0-57B054668F6B}.Debug|Any CPU.ActiveCfg = Debug|Any CPU
		{86661595-153F-BAFE-1BF0-57B054668F6B}.Debug|Any CPU.Build.0 = Debug|Any CPU
		{86661595-153F-BAFE-1BF0-57B054668F6B}.Release|Any CPU.ActiveCfg = Release|Any CPU
		{86661595-153F-BAFE-1BF0-57B054668F6B}.Release|Any CPU.Build.0 = Release|Any CPU
		{86661595-153F-BAFE-1BF0-57B054668F6B}.Debug|Any CPU.ActiveCfg = Debug|Any CPU
		{86661595-153F-BAFE-1BF0-57B054668F6B}.Debug|Any CPU.Build.0 = Debug|Any CPU
		{86661595-153F-BAFE-1BF0-57B054668F6B}.Release|Any CPU.ActiveCfg = Release|Any CPU
		{86661595-153F-BAFE-1BF0-57B054668F6B}.Release|Any CPU.Build.0 = Release|Any CPU
		{86661595-153F-BAFE-1BF0-57B054668F6B}.Debug|Any CPU.ActiveCfg = Debug|Any CPU
		{86661595-153F-BAFE-1BF0-57B054668F6B}.Debug|Any CPU.Build.0 = Debug|Any CPU
		{86661595-153F-BAFE-1BF0-57B054668F6B}.Release|Any CPU.ActiveCfg = Release|Any CPU
		{86661595-153F-BAFE-1BF0-57B054668F6B}.Release|Any CPU.Build.0 = Release|Any CPU
		{86661595-153F-BAFE-1BF0-57B054668F6B}.Debug|Any CPU.ActiveCfg = Debug|Any CPU
		{86661595-153F-BAFE-1BF0-57B054668F6B}.Debug|Any CPU.Build.0 = Debug|Any CPU
		{86661595-153F-BAFE-1BF0-57B054668F6B}.Release|Any CPU.ActiveCfg = Release|Any CPU
		{86661595-153F-BAFE-1BF0-57B054668F6B}.Release|Any CPU.Build.0 = Release|Any CPU
		{86661595-153F-BAFE-1BF0-57B054668F6B}.Debug|Any CPU.ActiveCfg = Debug|Any CPU
		{86661595-153F-BAFE-1BF0-57B054668F6B}.Debug|Any CPU.Build.0 = Debug|Any CPU
		{86661595-153F-BAFE-1BF0-57B054668F6B}.Release|Any CPU.ActiveCfg = Release|Any CPU
		{86661595-153F-BAFE-1BF0-57B054668F6B}.Release|Any CPU.Build.0 = Release|Any CPU
		{86661595-153F-BAFE-1BF0-57B054668F6B}.Debug|Any CPU.ActiveCfg = Debug|Any CPU
		{86661595-153F-BAFE-1BF0-57B054668F6B}.Debug|Any CPU.Build.0 = Debug|Any CPU
		{86661595-153F-BAFE-1BF0-57B054668F6B}.Release|Any CPU.ActiveCfg = Release|Any CPU
		{86661595-153F-BAFE-1BF0-57B054668F6B}.Release|Any CPU.Build.0 = Release|Any CPU
		{86661595-153F-BAFE-1BF0-57B054668F6B}.Debug|Any CPU.ActiveCfg = Debug|Any CPU
		{86661595-153F-BAFE-1BF0-57B054668F6B}.Debug|Any CPU.Build.0 = Debug|Any CPU
		{86661595-153F-BAFE-1BF0-57B054668F6B}.Release|Any CPU.ActiveCfg = Release|Any CPU
		{86661595-153F-BAFE-1BF0-57B054668F6B}.Release|Any CPU.Build.0 = Release|Any CPU
		{86661595-153F-BAFE-1BF0-57B054668F6B}.Debug|Any CPU.ActiveCfg = Debug|Any CPU
		{86661595-153F-BAFE-1BF0-57B054668F6B}.Debug|Any CPU.Build.0 = Debug|Any CPU
		{86661595-153F-BAFE-1BF0-57B054668F6B}.Release|Any CPU.ActiveCfg = Release|Any CPU
		{86661595-153F-BAFE-1BF0-57B054668F6B}.Release|Any CPU.Build.0 = Release|Any CPU
		{86661595-153F-BAFE-1BF0-57B054668F6B}.Debug|Any CPU.ActiveCfg = Debug|Any CPU
		{86661595-153F-BAFE-1BF0-57B054668F6B}.Debug|Any CPU.Build.0 = Debug|Any CPU
		{86661595-153F-BAFE-1BF0-57B054668F6B}.Release|Any CPU.ActiveCfg = Release|Any CPU
		{86661595-153F-BAFE-1BF0-57B054668F6B}.Release|Any CPU.Build.0 = Release|Any CPU
		{86661595-153F-BAFE-1BF0-57B054668F6B}.Debug|Any CPU.ActiveCfg = Debug|Any CPU
		{86661595-153F-BAFE-1BF0-57B054668F6B}.Debug|Any CPU.Build.0 = Debug|Any CPU
		{86661595-153F-BAFE-1BF0-57B054668F6B}.Release|Any CPU.ActiveCfg = Release|Any CPU
		{86661595-153F-BAFE-1BF0-57B054668F6B}.Release|Any CPU.Build.0 = Release|Any CPU
		{86661595-153F-BAFE-1BF0-57B054668F6B}.Debug|Any CPU.ActiveCfg = Debug|Any CPU
		{86661595-153F-BAFE-1BF0-57B054668F6B}.Debug|Any CPU.Build.0 = Debug|Any CPU
		{86661595-153F-BAFE-1BF0-57B054668F6B}.Release|Any CPU.ActiveCfg = Release|Any CPU
		{86661595-153F-BAFE-1BF0-57B054668F6B}.Release|Any CPU.Build.0 = Release|Any CPU
		{86661595-153F-BAFE-1BF0-57B054668F6B}.Debug|Any CPU.ActiveCfg = Debug|Any CPU
		{86661595-153F-BAFE-1BF0-57B054668F6B}.Debug|Any CPU.Build.0 = Debug|Any CPU
		{86661595-153F-BAFE-1BF0-57B054668F6B}.Release|Any CPU.ActiveCfg = Release|Any CPU
		{86661595-153F-BAFE-1BF0-57B054668F6B}.Release|Any CPU.Build.0 = Release|Any CPU
		{86661595-153F-BAFE-1BF0-57B054668F6B}.Debug|Any CPU.ActiveCfg = Debug|Any CPU
		{86661595-153F-BAFE-1BF0-57B054668F6B}.Debug|Any CPU.Build.0 = Debug|Any CPU
		{86661595-153F-BAFE-1BF0-57B054668F6B}.Release|Any CPU.ActiveCfg = Release|Any CPU
		{86661595-153F-BAFE-1BF0-57B054668F6B}.Release|Any CPU.Build.0 = Release|Any CPU
		{04B40FB5-FE8A-61B6-50EF-E4C7E98EFA51}.Debug|Any CPU.ActiveCfg = Debug|Any CPU
		{04B40FB5-FE8A-61B6-50EF-E4C7E98EFA51}.Debug|Any CPU.Build.0 = Debug|Any CPU
		{04B40FB5-FE8A-61B6-50EF-E4C7E98EFA51}.Release|Any CPU.ActiveCfg = Release|Any CPU
		{04B40FB5-FE8A-61B6-50EF-E4C7E98EFA51}.Release|Any CPU.Build.0 = Release|Any CPU
		{86661595-153F-BAFE-1BF0-57B054668F6B}.Debug|Any CPU.ActiveCfg = Debug|Any CPU
		{86661595-153F-BAFE-1BF0-57B054668F6B}.Debug|Any CPU.Build.0 = Debug|Any CPU
		{86661595-153F-BAFE-1BF0-57B054668F6B}.Release|Any CPU.ActiveCfg = Release|Any CPU
		{86661595-153F-BAFE-1BF0-57B054668F6B}.Release|Any CPU.Build.0 = Release|Any CPU
>>>>>>> origin/master
	EndGlobalSection
	GlobalSection(SolutionProperties) = preSolution
		HideSolutionNode = FALSE
	EndGlobalSection
EndGlobal
